
Microsoft Visual Studio Solution File, Format Version 12.00
# Visual Studio Version 16
VisualStudioVersion = 16.0.29920.165
MinimumVisualStudioVersion = 10.0.40219.1
Project("{9A19103F-16F7-4668-BE54-9A1E7A4F7556}") = "DevIO.Api", "src\DevIO.Api\DevIO.Api.csproj", "{BF5D5886-CE54-48DF-A565-68752D66467F}"
EndProject
Project("{9A19103F-16F7-4668-BE54-9A1E7A4F7556}") = "DevIO.Business", "src\DevIO.Business\DevIO.Business.csproj", "{B5D3BD05-B65E-405D-8FEC-45F38F4D3DDF}"
EndProject
Project("{9A19103F-16F7-4668-BE54-9A1E7A4F7556}") = "DevIO.Data", "src\DevIO.Data\DevIO.Data.csproj", "{2E5706CC-D799-40E0-A220-02030FCEC8DF}"
EndProject
Project("{9A19103F-16F7-4668-BE54-9A1E7A4F7556}") = "DevIO.Business.Tests", "src\XUnitTestProject1\DevIO.Business.Tests.csproj", "{0CD568A4-75CC-4FF2-86C2-2C6D7D5C4D48}"
EndProject
Project("{2150E333-8FDC-42A3-9474-1A3956D46DE8}") = "API.CQRS", "API.CQRS", "{C29256CB-3388-4D1E-AD46-7EA53AF08C46}"
EndProject
Project("{9A19103F-16F7-4668-BE54-9A1E7A4F7556}") = "CQRS.Core", "src\CQRS.Core\CQRS.Core.csproj", "{600D4E35-BAF4-43D6-A670-AE2B557ED5A7}"
EndProject
Project("{9A19103F-16F7-4668-BE54-9A1E7A4F7556}") = "CQRS.API", "src\CQRS.API\CQRS.API.csproj", "{F492FCF9-12C6-408F-AE4A-54C4EF7ECECA}"
EndProject
Project("{9A19103F-16F7-4668-BE54-9A1E7A4F7556}") = "CQRS.Domain", "src\CQRS.Domain\CQRS.Domain.csproj", "{BB34B0DE-7B62-4D62-921A-9F4B540FD22C}"
EndProject
Project("{9A19103F-16F7-4668-BE54-9A1E7A4F7556}") = "CQRS.Infra", "src\CQRS.Infra\CQRS.Infra.csproj", "{9CFA7AE9-EE68-4A02-BD54-042AFDD90FB7}"
EndProject
Project("{FAE04EC0-301F-11D3-BF4B-00C04F79EFBC}") = "CQRS.Domain.Teste", "src\CQRS.Domain.Teste\CQRS.Domain.Teste.csproj", "{AC8826FB-40E0-48B2-9F08-0620AF769FB5}"
EndProject
Global
	GlobalSection(SolutionConfigurationPlatforms) = preSolution
		Debug|Any CPU = Debug|Any CPU
		Release|Any CPU = Release|Any CPU
	EndGlobalSection
	GlobalSection(ProjectConfigurationPlatforms) = postSolution
		{BF5D5886-CE54-48DF-A565-68752D66467F}.Debug|Any CPU.ActiveCfg = Debug|Any CPU
		{BF5D5886-CE54-48DF-A565-68752D66467F}.Debug|Any CPU.Build.0 = Debug|Any CPU
		{BF5D5886-CE54-48DF-A565-68752D66467F}.Release|Any CPU.ActiveCfg = Release|Any CPU
		{BF5D5886-CE54-48DF-A565-68752D66467F}.Release|Any CPU.Build.0 = Release|Any CPU
		{B5D3BD05-B65E-405D-8FEC-45F38F4D3DDF}.Debug|Any CPU.ActiveCfg = Debug|Any CPU
		{B5D3BD05-B65E-405D-8FEC-45F38F4D3DDF}.Debug|Any CPU.Build.0 = Debug|Any CPU
		{B5D3BD05-B65E-405D-8FEC-45F38F4D3DDF}.Release|Any CPU.ActiveCfg = Release|Any CPU
		{B5D3BD05-B65E-405D-8FEC-45F38F4D3DDF}.Release|Any CPU.Build.0 = Release|Any CPU
		{2E5706CC-D799-40E0-A220-02030FCEC8DF}.Debug|Any CPU.ActiveCfg = Debug|Any CPU
		{2E5706CC-D799-40E0-A220-02030FCEC8DF}.Debug|Any CPU.Build.0 = Debug|Any CPU
		{2E5706CC-D799-40E0-A220-02030FCEC8DF}.Release|Any CPU.ActiveCfg = Release|Any CPU
		{2E5706CC-D799-40E0-A220-02030FCEC8DF}.Release|Any CPU.Build.0 = Release|Any CPU
		{0CD568A4-75CC-4FF2-86C2-2C6D7D5C4D48}.Debug|Any CPU.ActiveCfg = Debug|Any CPU
		{0CD568A4-75CC-4FF2-86C2-2C6D7D5C4D48}.Debug|Any CPU.Build.0 = Debug|Any CPU
		{0CD568A4-75CC-4FF2-86C2-2C6D7D5C4D48}.Release|Any CPU.ActiveCfg = Release|Any CPU
		{0CD568A4-75CC-4FF2-86C2-2C6D7D5C4D48}.Release|Any CPU.Build.0 = Release|Any CPU
		{600D4E35-BAF4-43D6-A670-AE2B557ED5A7}.Debug|Any CPU.ActiveCfg = Debug|Any CPU
		{600D4E35-BAF4-43D6-A670-AE2B557ED5A7}.Debug|Any CPU.Build.0 = Debug|Any CPU
		{600D4E35-BAF4-43D6-A670-AE2B557ED5A7}.Release|Any CPU.ActiveCfg = Release|Any CPU
		{600D4E35-BAF4-43D6-A670-AE2B557ED5A7}.Release|Any CPU.Build.0 = Release|Any CPU
		{F492FCF9-12C6-408F-AE4A-54C4EF7ECECA}.Debug|Any CPU.ActiveCfg = Debug|Any CPU
		{F492FCF9-12C6-408F-AE4A-54C4EF7ECECA}.Debug|Any CPU.Build.0 = Debug|Any CPU
		{F492FCF9-12C6-408F-AE4A-54C4EF7ECECA}.Release|Any CPU.ActiveCfg = Release|Any CPU
		{F492FCF9-12C6-408F-AE4A-54C4EF7ECECA}.Release|Any CPU.Build.0 = Release|Any CPU
		{BB34B0DE-7B62-4D62-921A-9F4B540FD22C}.Debug|Any CPU.ActiveCfg = Debug|Any CPU
		{BB34B0DE-7B62-4D62-921A-9F4B540FD22C}.Debug|Any CPU.Build.0 = Debug|Any CPU
		{BB34B0DE-7B62-4D62-921A-9F4B540FD22C}.Release|Any CPU.ActiveCfg = Release|Any CPU
		{BB34B0DE-7B62-4D62-921A-9F4B540FD22C}.Release|Any CPU.Build.0 = Release|Any CPU
		{9CFA7AE9-EE68-4A02-BD54-042AFDD90FB7}.Debug|Any CPU.ActiveCfg = Debug|Any CPU
		{9CFA7AE9-EE68-4A02-BD54-042AFDD90FB7}.Debug|Any CPU.Build.0 = Debug|Any CPU
		{9CFA7AE9-EE68-4A02-BD54-042AFDD90FB7}.Release|Any CPU.ActiveCfg = Release|Any CPU
		{9CFA7AE9-EE68-4A02-BD54-042AFDD90FB7}.Release|Any CPU.Build.0 = Release|Any CPU
		{AC8826FB-40E0-48B2-9F08-0620AF769FB5}.Debug|Any CPU.ActiveCfg = Debug|Any CPU
		{AC8826FB-40E0-48B2-9F08-0620AF769FB5}.Debug|Any CPU.Build.0 = Debug|Any CPU
		{AC8826FB-40E0-48B2-9F08-0620AF769FB5}.Release|Any CPU.ActiveCfg = Release|Any CPU
		{AC8826FB-40E0-48B2-9F08-0620AF769FB5}.Release|Any CPU.Build.0 = Release|Any CPU
	EndGlobalSection
	GlobalSection(SolutionProperties) = preSolution
		HideSolutionNode = FALSE
	EndGlobalSection
	GlobalSection(NestedProjects) = preSolution
		{600D4E35-BAF4-43D6-A670-AE2B557ED5A7} = {C29256CB-3388-4D1E-AD46-7EA53AF08C46}
		{F492FCF9-12C6-408F-AE4A-54C4EF7ECECA} = {C29256CB-3388-4D1E-AD46-7EA53AF08C46}
		{BB34B0DE-7B62-4D62-921A-9F4B540FD22C} = {C29256CB-3388-4D1E-AD46-7EA53AF08C46}
		{9CFA7AE9-EE68-4A02-BD54-042AFDD90FB7} = {C29256CB-3388-4D1E-AD46-7EA53AF08C46}
		{AC8826FB-40E0-48B2-9F08-0620AF769FB5} = {C29256CB-3388-4D1E-AD46-7EA53AF08C46}
	EndGlobalSection
	GlobalSection(ExtensibilityGlobals) = postSolution
		SolutionGuid = {B75E4506-E6D4-474E-B21E-1C536FB69281}
	EndGlobalSection
EndGlobal
